
Microsoft Visual Studio Solution File, Format Version 12.00
# Visual Studio Version 17
VisualStudioVersion = 17.4.33122.133
MinimumVisualStudioVersion = 10.0.40219.1
Project("{FAE04EC0-301F-11D3-BF4B-00C04F79EFBC}") = "WebQRCode", "WebQRCode.csproj", "{113FCBA3-5C17-4DF5-B270-4359827D7FF7}"
EndProject
Global
	GlobalSection(SolutionConfigurationPlatforms) = preSolution
		Debug|Any CPU = Debug|Any CPU
		Release|Any CPU = Release|Any CPU
	EndGlobalSection
	GlobalSection(ProjectConfigurationPlatforms) = postSolution
		{113FCBA3-5C17-4DF5-B270-4359827D7FF7}.Debug|Any CPU.ActiveCfg = Debug|Any CPU
		{113FCBA3-5C17-4DF5-B270-4359827D7FF7}.Debug|Any CPU.Build.0 = Debug|Any CPU
		{113FCBA3-5C17-4DF5-B270-4359827D7FF7}.Release|Any CPU.ActiveCfg = Release|Any CPU
		{113FCBA3-5C17-4DF5-B270-4359827D7FF7}.Release|Any CPU.Build.0 = Release|Any CPU
	EndGlobalSection
	GlobalSection(SolutionProperties) = preSolution
		HideSolutionNode = FALSE
	EndGlobalSection
	GlobalSection(ExtensibilityGlobals) = postSolution
		SolutionGuid = {9494B40E-B2CF-4589-B08B-7BC0BB897364}
	EndGlobalSection
EndGlobal
